
Microsoft Visual Studio Solution File, Format Version 12.00
# Visual Studio Version 17
VisualStudioVersion = 17.14.36310.24 d17.14
MinimumVisualStudioVersion = 10.0.40219.1
Project("{FAE04EC0-301F-11D3-BF4B-00C04F79EFBC}") = "WebApplication-learning", "WebApplication-learning\WebApplication-learning.csproj", "{B39A5247-A8DD-4C40-B46E-B864CF3C503B}"
EndProject
Global
	GlobalSection(SolutionConfigurationPlatforms) = preSolution
		Debug|Any CPU = Debug|Any CPU
		Release|Any CPU = Release|Any CPU
	EndGlobalSection
	GlobalSection(ProjectConfigurationPlatforms) = postSolution
		{B39A5247-A8DD-4C40-B46E-B864CF3C503B}.Debug|Any CPU.ActiveCfg = Debug|Any CPU
		{B39A5247-A8DD-4C40-B46E-B864CF3C503B}.Debug|Any CPU.Build.0 = Debug|Any CPU
		{B39A5247-A8DD-4C40-B46E-B864CF3C503B}.Release|Any CPU.ActiveCfg = Release|Any CPU
		{B39A5247-A8DD-4C40-B46E-B864CF3C503B}.Release|Any CPU.Build.0 = Release|Any CPU
	EndGlobalSection
	GlobalSection(SolutionProperties) = preSolution
		HideSolutionNode = FALSE
	EndGlobalSection
	GlobalSection(ExtensibilityGlobals) = postSolution
		SolutionGuid = {ED6BA236-7587-4FA4-97AA-16A4B12D79E9}
	EndGlobalSection
EndGlobal
